
Microsoft Visual Studio Solution File, Format Version 12.00
# Visual Studio Version 17
VisualStudioVersion = 17.0.31903.59
MinimumVisualStudioVersion = 10.0.40219.1
Project("{2150E333-8FDC-42A3-9474-1A3956D46DE8}") = "src", "src", "{390D6040-CA03-46DC-A208-0269892CEF3C}"
EndProject
Project("{FAE04EC0-301F-11D3-BF4B-00C04F79EFBC}") = "AutoMail.Presentation", "src\AutoMail.Presentation\AutoMail.Presentation.csproj", "{2EA5E5E9-703B-4B21-9EB7-497E84DCCD66}"
EndProject
Project("{FAE04EC0-301F-11D3-BF4B-00C04F79EFBC}") = "AutoMail.Application", "src\AutoMail.Application\AutoMail.Application.csproj", "{C486C8CA-B8A7-4369-A8D8-BEA98CF3C468}"
EndProject
Project("{FAE04EC0-301F-11D3-BF4B-00C04F79EFBC}") = "AutoMail.Domain", "src\AutoMail.Domain\AutoMail.Domain.csproj", "{4771C63E-9552-4DB5-8E97-4C379D94EDA3}"
EndProject
Project("{FAE04EC0-301F-11D3-BF4B-00C04F79EFBC}") = "AutoMail.Infrastructure", "src\AutoMail.Infrastructure\AutoMail.Infrastructure.csproj", "{0EACDE21-8FDE-481C-9ECD-28D9BD0C9CE3}"
EndProject
Project("{2150E333-8FDC-42A3-9474-1A3956D46DE8}") = "tests", "tests", "{0AD73E36-1A18-4257-8E44-CA97F931FC0D}"
EndProject
Project("{FAE04EC0-301F-11D3-BF4B-00C04F79EFBC}") = "AutoMail.Application.Tests", "tests\AutoMail.Application.Tests\AutoMail.Application.Tests.csproj", "{407F1980-91F1-48E0-9B4F-3CC976CFBEE5}"
EndProject
Project("{FAE04EC0-301F-11D3-BF4B-00C04F79EFBC}") = "AutoMail.UnitTests", "tests\AutoMail.UnitTests\AutoMail.UnitTests.csproj", "{1D1BEA21-A3AD-4293-8E73-74B906A5F728}"
EndProject
Global
	GlobalSection(SolutionConfigurationPlatforms) = preSolution
		Debug|Any CPU = Debug|Any CPU
		Release|Any CPU = Release|Any CPU
	EndGlobalSection
	GlobalSection(SolutionProperties) = preSolution
		HideSolutionNode = FALSE
	EndGlobalSection
	GlobalSection(ProjectConfigurationPlatforms) = postSolution
		{2EA5E5E9-703B-4B21-9EB7-497E84DCCD66}.Debug|Any CPU.ActiveCfg = Debug|Any CPU
		{2EA5E5E9-703B-4B21-9EB7-497E84DCCD66}.Debug|Any CPU.Build.0 = Debug|Any CPU
		{2EA5E5E9-703B-4B21-9EB7-497E84DCCD66}.Release|Any CPU.ActiveCfg = Release|Any CPU
		{2EA5E5E9-703B-4B21-9EB7-497E84DCCD66}.Release|Any CPU.Build.0 = Release|Any CPU
		{C486C8CA-B8A7-4369-A8D8-BEA98CF3C468}.Debug|Any CPU.ActiveCfg = Debug|Any CPU
		{C486C8CA-B8A7-4369-A8D8-BEA98CF3C468}.Debug|Any CPU.Build.0 = Debug|Any CPU
		{C486C8CA-B8A7-4369-A8D8-BEA98CF3C468}.Release|Any CPU.ActiveCfg = Release|Any CPU
		{C486C8CA-B8A7-4369-A8D8-BEA98CF3C468}.Release|Any CPU.Build.0 = Release|Any CPU
		{4771C63E-9552-4DB5-8E97-4C379D94EDA3}.Debug|Any CPU.ActiveCfg = Debug|Any CPU
		{4771C63E-9552-4DB5-8E97-4C379D94EDA3}.Debug|Any CPU.Build.0 = Debug|Any CPU
		{4771C63E-9552-4DB5-8E97-4C379D94EDA3}.Release|Any CPU.ActiveCfg = Release|Any CPU
		{4771C63E-9552-4DB5-8E97-4C379D94EDA3}.Release|Any CPU.Build.0 = Release|Any CPU
		{0EACDE21-8FDE-481C-9ECD-28D9BD0C9CE3}.Debug|Any CPU.ActiveCfg = Debug|Any CPU
		{0EACDE21-8FDE-481C-9ECD-28D9BD0C9CE3}.Debug|Any CPU.Build.0 = Debug|Any CPU
		{0EACDE21-8FDE-481C-9ECD-28D9BD0C9CE3}.Release|Any CPU.ActiveCfg = Release|Any CPU
		{0EACDE21-8FDE-481C-9ECD-28D9BD0C9CE3}.Release|Any CPU.Build.0 = Release|Any CPU
		{407F1980-91F1-48E0-9B4F-3CC976CFBEE5}.Debug|Any CPU.ActiveCfg = Debug|Any CPU
		{407F1980-91F1-48E0-9B4F-3CC976CFBEE5}.Debug|Any CPU.Build.0 = Debug|Any CPU
		{407F1980-91F1-48E0-9B4F-3CC976CFBEE5}.Release|Any CPU.ActiveCfg = Release|Any CPU
		{407F1980-91F1-48E0-9B4F-3CC976CFBEE5}.Release|Any CPU.Build.0 = Release|Any CPU
		{1D1BEA21-A3AD-4293-8E73-74B906A5F728}.Debug|Any CPU.ActiveCfg = Debug|Any CPU
		{1D1BEA21-A3AD-4293-8E73-74B906A5F728}.Debug|Any CPU.Build.0 = Debug|Any CPU
		{1D1BEA21-A3AD-4293-8E73-74B906A5F728}.Release|Any CPU.ActiveCfg = Release|Any CPU
		{1D1BEA21-A3AD-4293-8E73-74B906A5F728}.Release|Any CPU.Build.0 = Release|Any CPU
	EndGlobalSection
	GlobalSection(NestedProjects) = preSolution
		{2EA5E5E9-703B-4B21-9EB7-497E84DCCD66} = {390D6040-CA03-46DC-A208-0269892CEF3C}
		{C486C8CA-B8A7-4369-A8D8-BEA98CF3C468} = {390D6040-CA03-46DC-A208-0269892CEF3C}
		{4771C63E-9552-4DB5-8E97-4C379D94EDA3} = {390D6040-CA03-46DC-A208-0269892CEF3C}
		{0EACDE21-8FDE-481C-9ECD-28D9BD0C9CE3} = {390D6040-CA03-46DC-A208-0269892CEF3C}
		{407F1980-91F1-48E0-9B4F-3CC976CFBEE5} = {0AD73E36-1A18-4257-8E44-CA97F931FC0D}
		{1D1BEA21-A3AD-4293-8E73-74B906A5F728} = {0AD73E36-1A18-4257-8E44-CA97F931FC0D}
	EndGlobalSection
EndGlobal
