
Microsoft Visual Studio Solution File, Format Version 12.00
Project("{FAE04EC0-301F-11D3-BF4B-00C04F79EFBC}") = "AutoMail.Domain", "AutoMail.Domain\AutoMail.Domain.csproj", "{431C4D81-1365-4B67-A53F-90583DA2D591}"
EndProject
Project("{FAE04EC0-301F-11D3-BF4B-00C04F79EFBC}") = "AutoMail.Infrastructure", "AutoMail.Infrastructure\AutoMail.Infrastructure.csproj", "{AD62E55C-7BE4-4DA2-B252-47C15E1CD05E}"
EndProject
Project("{FAE04EC0-301F-11D3-BF4B-00C04F79EFBC}") = "AutoMail.Application", "AutoMail.Application\AutoMail.Application.csproj", "{C8DD9D46-D9D9-4BB4-9E0C-7357334B9925}"
EndProject
Project("{FAE04EC0-301F-11D3-BF4B-00C04F79EFBC}") = "AutoMail.Web", "AutoMail.Web\AutoMail.Web\AutoMail.Web.csproj", "{1A68E089-0C78-4008-A96C-C3E395D9D86F}"
EndProject
Project("{FAE04EC0-301F-11D3-BF4B-00C04F79EFBC}") = "AutoMail.Web.Client", "AutoMail.Web\AutoMail.Web.Client\AutoMail.Web.Client.csproj", "{91DF5613-B435-47F8-913E-DE3FA214C2D6}"
EndProject
Global
	GlobalSection(SolutionConfigurationPlatforms) = preSolution
		Debug|Any CPU = Debug|Any CPU
		Release|Any CPU = Release|Any CPU
	EndGlobalSection
	GlobalSection(ProjectConfigurationPlatforms) = postSolution
		{431C4D81-1365-4B67-A53F-90583DA2D591}.Debug|Any CPU.ActiveCfg = Debug|Any CPU
		{431C4D81-1365-4B67-A53F-90583DA2D591}.Debug|Any CPU.Build.0 = Debug|Any CPU
		{431C4D81-1365-4B67-A53F-90583DA2D591}.Release|Any CPU.ActiveCfg = Release|Any CPU
		{431C4D81-1365-4B67-A53F-90583DA2D591}.Release|Any CPU.Build.0 = Release|Any CPU
		{AD62E55C-7BE4-4DA2-B252-47C15E1CD05E}.Debug|Any CPU.ActiveCfg = Debug|Any CPU
		{AD62E55C-7BE4-4DA2-B252-47C15E1CD05E}.Debug|Any CPU.Build.0 = Debug|Any CPU
		{AD62E55C-7BE4-4DA2-B252-47C15E1CD05E}.Release|Any CPU.ActiveCfg = Release|Any CPU
		{AD62E55C-7BE4-4DA2-B252-47C15E1CD05E}.Release|Any CPU.Build.0 = Release|Any CPU
		{C8DD9D46-D9D9-4BB4-9E0C-7357334B9925}.Debug|Any CPU.ActiveCfg = Debug|Any CPU
		{C8DD9D46-D9D9-4BB4-9E0C-7357334B9925}.Debug|Any CPU.Build.0 = Debug|Any CPU
		{C8DD9D46-D9D9-4BB4-9E0C-7357334B9925}.Release|Any CPU.ActiveCfg = Release|Any CPU
		{C8DD9D46-D9D9-4BB4-9E0C-7357334B9925}.Release|Any CPU.Build.0 = Release|Any CPU
		{1A68E089-0C78-4008-A96C-C3E395D9D86F}.Debug|Any CPU.ActiveCfg = Debug|Any CPU
		{1A68E089-0C78-4008-A96C-C3E395D9D86F}.Debug|Any CPU.Build.0 = Debug|Any CPU
		{1A68E089-0C78-4008-A96C-C3E395D9D86F}.Release|Any CPU.ActiveCfg = Release|Any CPU
		{1A68E089-0C78-4008-A96C-C3E395D9D86F}.Release|Any CPU.Build.0 = Release|Any CPU
		{91DF5613-B435-47F8-913E-DE3FA214C2D6}.Debug|Any CPU.ActiveCfg = Debug|Any CPU
		{91DF5613-B435-47F8-913E-DE3FA214C2D6}.Debug|Any CPU.Build.0 = Debug|Any CPU
		{91DF5613-B435-47F8-913E-DE3FA214C2D6}.Release|Any CPU.ActiveCfg = Release|Any CPU
		{91DF5613-B435-47F8-913E-DE3FA214C2D6}.Release|Any CPU.Build.0 = Release|Any CPU
	EndGlobalSection
EndGlobal
